Microsoft Visual Studio Solution File, Format Version 12.00
# Visual Studio 2012
Project("{FAE04EC0-301F-11D3-BF4B-00C04F79EFBC}") = "gunsmith", "gunsmith.csproj", "{FC881AEC-7316-4729-84C6-83474CB29307}"
EndProject
Global
	GlobalSection(SolutionConfigurationPlatforms) = preSolution
	Debug|Any CPU = Debug|Any CPU
	ExportDebug|Any CPU = ExportDebug|Any CPU
	ExportRelease|Any CPU = ExportRelease|Any CPU
	EndGlobalSection
	GlobalSection(ProjectConfigurationPlatforms) = postSolution
		{FC881AEC-7316-4729-84C6-83474CB29307}.Debug|Any CPU.ActiveCfg = Debug|Any CPU
		{FC881AEC-7316-4729-84C6-83474CB29307}.Debug|Any CPU.Build.0 = Debug|Any CPU
		{FC881AEC-7316-4729-84C6-83474CB29307}.ExportDebug|Any CPU.ActiveCfg = ExportDebug|Any CPU
		{FC881AEC-7316-4729-84C6-83474CB29307}.ExportDebug|Any CPU.Build.0 = ExportDebug|Any CPU
		{FC881AEC-7316-4729-84C6-83474CB29307}.ExportRelease|Any CPU.ActiveCfg = ExportRelease|Any CPU
		{FC881AEC-7316-4729-84C6-83474CB29307}.ExportRelease|Any CPU.Build.0 = ExportRelease|Any CPU
	EndGlobalSection
EndGlobal
